
Microsoft Visual Studio Solution File, Format Version 12.00
# Visual Studio Version 16
VisualStudioVersion = 25.0.1705.4
MinimumVisualStudioVersion = 10.0.40219.1
Project("{FAE04EC0-301F-11D3-BF4B-00C04F79EFBC}") = "LeanCommon", "LeanCommon.csproj", "{544BA445-D639-7B94-ED4F-B9F5A9DE1E09}"
EndProject
Global
	GlobalSection(SolutionConfigurationPlatforms) = preSolution
		Debug|Any CPU = Debug|Any CPU
		Release|Any CPU = Release|Any CPU
	EndGlobalSection
	GlobalSection(ProjectConfigurationPlatforms) = postSolution
		{544BA445-D639-7B94-ED4F-B9F5A9DE1E09}.Debug|Any CPU.ActiveCfg = Debug|Any CPU
		{544BA445-D639-7B94-ED4F-B9F5A9DE1E09}.Debug|Any CPU.Build.0 = Debug|Any CPU
		{544BA445-D639-7B94-ED4F-B9F5A9DE1E09}.Release|Any CPU.ActiveCfg = Release|Any CPU
		{544BA445-D639-7B94-ED4F-B9F5A9DE1E09}.Release|Any CPU.Build.0 = Release|Any CPU
	EndGlobalSection
	GlobalSection(SolutionProperties) = preSolution
		HideSolutionNode = FALSE
	EndGlobalSection
	GlobalSection(ExtensibilityGlobals) = postSolution
		SolutionGuid = {09575341-2E49-412A-AE95-56CC8A61A549}
	EndGlobalSection
EndGlobal
